// !$*UTF8*$!
{
	archiveVersion = 1;
	classes = {
	};
	objectVersion = 54;
	objects = {

/* Begin PBXBuildFile section */
		13B07FBF1A68108700A75B9A /* Images.xcassets in Resources */ = {isa = PBXBuildFile; fileRef = 13B07FB51A68108700A75B9A /* Images.xcassets */; };
		3E461D99554A48A4959DE609 /* SplashScreen.storyboard in Resources */ = {isa = PBXBuildFile; fileRef = AA286B85B6C04FC6940260E9 /* SplashScreen.storyboard */; };
		BB2F792D24A3F905000567C9 /* Expo.plist in Resources */ = {isa = PBXBuildFile; fileRef = BB2F792C24A3F905000567C9 /* Expo.plist */; };
		F11748422D0307B40044C1D9 /* AppDelegate.swift in Sources */ = {isa = PBXBuildFile; fileRef = F11748412D0307B40044C1D9 /* AppDelegate.swift */; };
		769E385A43D74B7CA53BE6EB /* 8bit.mp3 in Resources */ = {isa = PBXBuildFile; fileRef = 654AAF5E69234A76A0C04FD8 /* 8bit.mp3 */; };
		E9BDC5D902ED4B85AC709F8B /* 8bit02.mp3 in Resources */ = {isa = PBXBuildFile; fileRef = 81877423CA5345C6BF013237 /* 8bit02.mp3 */; };
		975AAFB4438A4608AB26626C /* alarm.mp3 in Resources */ = {isa = PBXBuildFile; fileRef = 5346E39212FD486F93D5C76D /* alarm.mp3 */; };
		79B57D2E235C4C3EA5CCDB93 /* campanas.mp3 in Resources */ = {isa = PBXBuildFile; fileRef = F971709177534BCFAC62A421 /* campanas.mp3 */; };
		2319816674D54CBC8112C17D /* clocktower.mp3 in Resources */ = {isa = PBXBuildFile; fileRef = D2976F5917AC46CC999D31F7 /* clocktower.mp3 */; };
		171D75DC21404E52B2500A75 /* guerra.mp3 in Resources */ = {isa = PBXBuildFile; fileRef = 36A3C54525FD4D3C87F34AFF /* guerra.mp3 */; };
		7D2DB7A0557544B0A10DB465 /* guitarra.mp3 in Resources */ = {isa = PBXBuildFile; fileRef = BFDC0441876C4724B2D0679E /* guitarra.mp3 */; };
		4820F84209A54654803A6179 /* hellooooyou.mp3 in Resources */ = {isa = PBXBuildFile; fileRef = 138594BF7FB04C78943B0E73 /* hellooooyou.mp3 */; };
		3AF2E71ECDDE4D29813CFE6F /* nuclearalarm.mp3 in Resources */ = {isa = PBXBuildFile; fileRef = 3FAB1F5F00F44F2E8D75ABB9 /* nuclearalarm.mp3 */; };
		A342503D4D484B9091E199A3 /* pipipipi.mp3 in Resources */ = {isa = PBXBuildFile; fileRef = 0DFAF90CC630436AB5AEC98C /* pipipipi.mp3 */; };
		1894FC2D56E54B8888B98F02 /* pupetfnaf.mp3 in Resources */ = {isa = PBXBuildFile; fileRef = 3B2CD8D7738D43D79D335C13 /* pupetfnaf.mp3 */; };
		864E49B0305047C2B54734C1 /* suspenso.mp3 in Resources */ = {isa = PBXBuildFile; fileRef = 73649671C0CB4BA8A2F99566 /* suspenso.mp3 */; };
		2C988474E9BC4682AB12747A /* tuntun.mp3 in Resources */ = {isa = PBXBuildFile; fileRef = A065F6C810B84AD9BF530398 /* tuntun.mp3 */; };
		EDE4A520CC194DE585AACC9A /* vibracion.mp3 in Resources */ = {isa = PBXBuildFile; fileRef = 0CE8D01E312A49B6AB5E359F /* vibracion.mp3 */; };
		B21824A1A99F465F89226653 /* xilofono.mp3 in Resources */ = {isa = PBXBuildFile; fileRef = C77DC4D65228457CBCD472A5 /* xilofono.mp3 */; };
		D2D568CC861C4D0FA4965147 /* x8bit.mp3 in Resources */ = {isa = PBXBuildFile; fileRef = B0B57845700045BCBE58109E /* x8bit.mp3 */; };
		0E8970D68BD949248CFB0827 /* x8bit02.mp3 in Resources */ = {isa = PBXBuildFile; fileRef = 685C55AD0FB34B4C99233EE2 /* x8bit02.mp3 */; };
		A7DE17E18AF74F2BB3077384 /* x8bit.wav in Resources */ = {isa = PBXBuildFile; fileRef = A78871BB5B2E48E1892F67E0 /* x8bit.wav */; };
		0E5E0155CE414FA49001283E /* x8bit02.wav in Resources */ = {isa = PBXBuildFile; fileRef = 518047EDEEFC4CFBBD18B713 /* x8bit02.wav */; };
		EC36C8AFA5A74331895D59DD /* alarm.wav in Resources */ = {isa = PBXBuildFile; fileRef = C8530324D37E410DA4C8CA66 /* alarm.wav */; };
		4D9A616AD33843E085812E77 /* campanas.wav in Resources */ = {isa = PBXBuildFile; fileRef = D311925F2F51496D9C2D555A /* campanas.wav */; };
		DC3E328162774FFDA6830E9B /* clocktower.wav in Resources */ = {isa = PBXBuildFile; fileRef = 9715E2334E4341F39FF11E02 /* clocktower.wav */; };
		45F3FAF580244982A63DD83A /* guerra.wav in Resources */ = {isa = PBXBuildFile; fileRef = E4F14279E57E48D4886BAF3F /* guerra.wav */; };
		B7B9563EA06041829EDE514C /* guitarra.wav in Resources */ = {isa = PBXBuildFile; fileRef = A4039A0BFA6746ABBA456662 /* guitarra.wav */; };
		9CECE6BE4913412AA9A50868 /* hellooooyou.wav in Resources */ = {isa = PBXBuildFile; fileRef = 4750EAD527454818B510822F /* hellooooyou.wav */; };
		107E7B42927444559291FB19 /* nuclearalarm.wav in Resources */ = {isa = PBXBuildFile; fileRef = 2DF5E69AFDA0498B8D737B40 /* nuclearalarm.wav */; };
		BE3567FD0AEF435BA0D8BEA1 /* pipipipi.wav in Resources */ = {isa = PBXBuildFile; fileRef = 2B2FC86BC5144FCEA4F33E0E /* pipipipi.wav */; };
		022162F89ADA481E90478F5F /* pupetfnaf.wav in Resources */ = {isa = PBXBuildFile; fileRef = 77C23613B17B44BEB303EC0F /* pupetfnaf.wav */; };
		BEDD71FFC0EE4C929ED8BEC6 /* suspenso.wav in Resources */ = {isa = PBXBuildFile; fileRef = B655BD8ACF50413E858A9859 /* suspenso.wav */; };
		D5BA80E5C93C4496835A11F7 /* tuntun.wav in Resources */ = {isa = PBXBuildFile; fileRef = 34B70AB21DA746F89603E688 /* tuntun.wav */; };
		001685AC40BB4FB7BF954D2C /* vibracion.wav in Resources */ = {isa = PBXBuildFile; fileRef = 884B08CC8EA942B2A90D8788 /* vibracion.wav */; };
		D5BFB8534FF7409CB08B227E /* xilofono.wav in Resources */ = {isa = PBXBuildFile; fileRef = 2E89A79B1D8F4FA0B6A534B1 /* xilofono.wav */; };
/* End PBXBuildFile section */

/* Begin PBXFileReference section */
		13B07F961A680F5B00A75B9A /* fokus.app */ = {isa = PBXFileReference; explicitFileType = wrapper.application; includeInIndex = 0; path = fokus.app; sourceTree = BUILT_PRODUCTS_DIR; };
		13B07FB51A68108700A75B9A /* Images.xcassets */ = {isa = PBXFileReference; lastKnownFileType = folder.assetcatalog; name = Images.xcassets; path = fokus/Images.xcassets; sourceTree = "<group>"; };
		13B07FB61A68108700A75B9A /* Info.plist */ = {isa = PBXFileReference; fileEncoding = 4; lastKnownFileType = text.plist.xml; name = Info.plist; path = fokus/Info.plist; sourceTree = "<group>"; };
		AA286B85B6C04FC6940260E9 /* SplashScreen.storyboard */ = {isa = PBXFileReference; fileEncoding = 4; lastKnownFileType = file.storyboard; name = SplashScreen.storyboard; path = fokus/SplashScreen.storyboard; sourceTree = "<group>"; };
		BB2F792C24A3F905000567C9 /* Expo.plist */ = {isa = PBXFileReference; fileEncoding = 4; lastKnownFileType = text.plist.xml; path = Expo.plist; sourceTree = "<group>"; };
		ED297162215061F000B7C4FE /* JavaScriptCore.framework */ = {isa = PBXFileReference; lastKnownFileType = wrapper.framework; name = JavaScriptCore.framework; path = System/Library/Frameworks/JavaScriptCore.framework; sourceTree = SDKROOT; };
		F11748412D0307B40044C1D9 /* AppDelegate.swift */ = {isa = PBXFileReference; lastKnownFileType = sourcecode.swift; name = AppDelegate.swift; path = fokus/AppDelegate.swift; sourceTree = "<group>"; };
		F11748442D0722820044C1D9 /* fokus-Bridging-Header.h */ = {isa = PBXFileReference; lastKnownFileType = sourcecode.c.h; name = "fokus-Bridging-Header.h"; path = "fokus/fokus-Bridging-Header.h"; sourceTree = "<group>"; };
		654AAF5E69234A76A0C04FD8 /* 8bit.mp3 */ = {isa = PBXFileReference; name = "8bit.mp3"; path = "fokus/8bit.mp3"; sourceTree = "<group>"; fileEncoding = undefined; lastKnownFileType = unknown; explicitFileType = undefined; includeInIndex = 0; };
		81877423CA5345C6BF013237 /* 8bit02.mp3 */ = {isa = PBXFileReference; name = "8bit02.mp3"; path = "fokus/8bit02.mp3"; sourceTree = "<group>"; fileEncoding = undefined; lastKnownFileType = unknown; explicitFileType = undefined; includeInIndex = 0; };
		5346E39212FD486F93D5C76D /* alarm.mp3 */ = {isa = PBXFileReference; name = "alarm.mp3"; path = "fokus/alarm.mp3"; sourceTree = "<group>"; fileEncoding = undefined; lastKnownFileType = unknown; explicitFileType = undefined; includeInIndex = 0; };
		F971709177534BCFAC62A421 /* campanas.mp3 */ = {isa = PBXFileReference; name = "campanas.mp3"; path = "fokus/campanas.mp3"; sourceTree = "<group>"; fileEncoding = undefined; lastKnownFileType = unknown; explicitFileType = undefined; includeInIndex = 0; };
		D2976F5917AC46CC999D31F7 /* clocktower.mp3 */ = {isa = PBXFileReference; name = "clocktower.mp3"; path = "fokus/clocktower.mp3"; sourceTree = "<group>"; fileEncoding = undefined; lastKnownFileType = unknown; explicitFileType = undefined; includeInIndex = 0; };
		36A3C54525FD4D3C87F34AFF /* guerra.mp3 */ = {isa = PBXFileReference; name = "guerra.mp3"; path = "fokus/guerra.mp3"; sourceTree = "<group>"; fileEncoding = undefined; lastKnownFileType = unknown; explicitFileType = undefined; includeInIndex = 0; };
		BFDC0441876C4724B2D0679E /* guitarra.mp3 */ = {isa = PBXFileReference; name = "guitarra.mp3"; path = "fokus/guitarra.mp3"; sourceTree = "<group>"; fileEncoding = undefined; lastKnownFileType = unknown; explicitFileType = undefined; includeInIndex = 0; };
		138594BF7FB04C78943B0E73 /* hellooooyou.mp3 */ = {isa = PBXFileReference; name = "hellooooyou.mp3"; path = "fokus/hellooooyou.mp3"; sourceTree = "<group>"; fileEncoding = undefined; lastKnownFileType = unknown; explicitFileType = undefined; includeInIndex = 0; };
		3FAB1F5F00F44F2E8D75ABB9 /* nuclearalarm.mp3 */ = {isa = PBXFileReference; name = "nuclearalarm.mp3"; path = "fokus/nuclearalarm.mp3"; sourceTree = "<group>"; fileEncoding = undefined; lastKnownFileType = unknown; explicitFileType = undefined; includeInIndex = 0; };
		0DFAF90CC630436AB5AEC98C /* pipipipi.mp3 */ = {isa = PBXFileReference; name = "pipipipi.mp3"; path = "fokus/pipipipi.mp3"; sourceTree = "<group>"; fileEncoding = undefined; lastKnownFileType = unknown; explicitFileType = undefined; includeInIndex = 0; };
		3B2CD8D7738D43D79D335C13 /* pupetfnaf.mp3 */ = {isa = PBXFileReference; name = "pupetfnaf.mp3"; path = "fokus/pupetfnaf.mp3"; sourceTree = "<group>"; fileEncoding = undefined; lastKnownFileType = unknown; explicitFileType = undefined; includeInIndex = 0; };
		73649671C0CB4BA8A2F99566 /* suspenso.mp3 */ = {isa = PBXFileReference; name = "suspenso.mp3"; path = "fokus/suspenso.mp3"; sourceTree = "<group>"; fileEncoding = undefined; lastKnownFileType = unknown; explicitFileType = undefined; includeInIndex = 0; };
		A065F6C810B84AD9BF530398 /* tuntun.mp3 */ = {isa = PBXFileReference; name = "tuntun.mp3"; path = "fokus/tuntun.mp3"; sourceTree = "<group>"; fileEncoding = undefined; lastKnownFileType = unknown; explicitFileType = undefined; includeInIndex = 0; };
		0CE8D01E312A49B6AB5E359F /* vibracion.mp3 */ = {isa = PBXFileReference; name = "vibracion.mp3"; path = "fokus/vibracion.mp3"; sourceTree = "<group>"; fileEncoding = undefined; lastKnownFileType = unknown; explicitFileType = undefined; includeInIndex = 0; };
		C77DC4D65228457CBCD472A5 /* xilofono.mp3 */ = {isa = PBXFileReference; name = "xilofono.mp3"; path = "fokus/xilofono.mp3"; sourceTree = "<group>"; fileEncoding = undefined; lastKnownFileType = unknown; explicitFileType = undefined; includeInIndex = 0; };
		B0B57845700045BCBE58109E /* x8bit.mp3 */ = {isa = PBXFileReference; name = "x8bit.mp3"; path = "fokus/x8bit.mp3"; sourceTree = "<group>"; fileEncoding = undefined; lastKnownFileType = unknown; explicitFileType = undefined; includeInIndex = 0; };
		685C55AD0FB34B4C99233EE2 /* x8bit02.mp3 */ = {isa = PBXFileReference; name = "x8bit02.mp3"; path = "fokus/x8bit02.mp3"; sourceTree = "<group>"; fileEncoding = undefined; lastKnownFileType = unknown; explicitFileType = undefined; includeInIndex = 0; };
		A78871BB5B2E48E1892F67E0 /* x8bit.wav */ = {isa = PBXFileReference; name = "x8bit.wav"; path = "fokus/x8bit.wav"; sourceTree = "<group>"; fileEncoding = undefined; lastKnownFileType = unknown; explicitFileType = undefined; includeInIndex = 0; };
		518047EDEEFC4CFBBD18B713 /* x8bit02.wav */ = {isa = PBXFileReference; name = "x8bit02.wav"; path = "fokus/x8bit02.wav"; sourceTree = "<group>"; fileEncoding = undefined; lastKnownFileType = unknown; explicitFileType = undefined; includeInIndex = 0; };
		C8530324D37E410DA4C8CA66 /* alarm.wav */ = {isa = PBXFileReference; name = "alarm.wav"; path = "fokus/alarm.wav"; sourceTree = "<group>"; fileEncoding = undefined; lastKnownFileType = unknown; explicitFileType = undefined; includeInIndex = 0; };
		D311925F2F51496D9C2D555A /* campanas.wav */ = {isa = PBXFileReference; name = "campanas.wav"; path = "fokus/campanas.wav"; sourceTree = "<group>"; fileEncoding = undefined; lastKnownFileType = unknown; explicitFileType = undefined; includeInIndex = 0; };
		9715E2334E4341F39FF11E02 /* clocktower.wav */ = {isa = PBXFileReference; name = "clocktower.wav"; path = "fokus/clocktower.wav"; sourceTree = "<group>"; fileEncoding = undefined; lastKnownFileType = unknown; explicitFileType = undefined; includeInIndex = 0; };
		E4F14279E57E48D4886BAF3F /* guerra.wav */ = {isa = PBXFileReference; name = "guerra.wav"; path = "fokus/guerra.wav"; sourceTree = "<group>"; fileEncoding = undefined; lastKnownFileType = unknown; explicitFileType = undefined; includeInIndex = 0; };
		A4039A0BFA6746ABBA456662 /* guitarra.wav */ = {isa = PBXFileReference; name = "guitarra.wav"; path = "fokus/guitarra.wav"; sourceTree = "<group>"; fileEncoding = undefined; lastKnownFileType = unknown; explicitFileType = undefined; includeInIndex = 0; };
		4750EAD527454818B510822F /* hellooooyou.wav */ = {isa = PBXFileReference; name = "hellooooyou.wav"; path = "fokus/hellooooyou.wav"; sourceTree = "<group>"; fileEncoding = undefined; lastKnownFileType = unknown; explicitFileType = undefined; includeInIndex = 0; };
		2DF5E69AFDA0498B8D737B40 /* nuclearalarm.wav */ = {isa = PBXFileReference; name = "nuclearalarm.wav"; path = "fokus/nuclearalarm.wav"; sourceTree = "<group>"; fileEncoding = undefined; lastKnownFileType = unknown; explicitFileType = undefined; includeInIndex = 0; };
		2B2FC86BC5144FCEA4F33E0E /* pipipipi.wav */ = {isa = PBXFileReference; name = "pipipipi.wav"; path = "fokus/pipipipi.wav"; sourceTree = "<group>"; fileEncoding = undefined; lastKnownFileType = unknown; explicitFileType = undefined; includeInIndex = 0; };
		77C23613B17B44BEB303EC0F /* pupetfnaf.wav */ = {isa = PBXFileReference; name = "pupetfnaf.wav"; path = "fokus/pupetfnaf.wav"; sourceTree = "<group>"; fileEncoding = undefined; lastKnownFileType = unknown; explicitFileType = undefined; includeInIndex = 0; };
		B655BD8ACF50413E858A9859 /* suspenso.wav */ = {isa = PBXFileReference; name = "suspenso.wav"; path = "fokus/suspenso.wav"; sourceTree = "<group>"; fileEncoding = undefined; lastKnownFileType = unknown; explicitFileType = undefined; includeInIndex = 0; };
		34B70AB21DA746F89603E688 /* tuntun.wav */ = {isa = PBXFileReference; name = "tuntun.wav"; path = "fokus/tuntun.wav"; sourceTree = "<group>"; fileEncoding = undefined; lastKnownFileType = unknown; explicitFileType = undefined; includeInIndex = 0; };
		884B08CC8EA942B2A90D8788 /* vibracion.wav */ = {isa = PBXFileReference; name = "vibracion.wav"; path = "fokus/vibracion.wav"; sourceTree = "<group>"; fileEncoding = undefined; lastKnownFileType = unknown; explicitFileType = undefined; includeInIndex = 0; };
		2E89A79B1D8F4FA0B6A534B1 /* xilofono.wav */ = {isa = PBXFileReference; name = "xilofono.wav"; path = "fokus/xilofono.wav"; sourceTree = "<group>"; fileEncoding = undefined; lastKnownFileType = unknown; explicitFileType = undefined; includeInIndex = 0; };
/* End PBXFileReference section */

/* Begin PBXFrameworksBuildPhase section */
		13B07F8C1A680F5B00A75B9A /* Frameworks */ = {
			isa = PBXFrameworksBuildPhase;
			buildActionMask = 2147483647;
			files = (
			);
			runOnlyForDeploymentPostprocessing = 0;
		};
/* End PBXFrameworksBuildPhase section */

/* Begin PBXGroup section */
		13B07FAE1A68108700A75B9A /* fokus */ = {
			isa = PBXGroup;
			children = (
				F11748412D0307B40044C1D9 /* AppDelegate.swift */,
				F11748442D0722820044C1D9 /* fokus-Bridging-Header.h */,
				BB2F792B24A3F905000567C9 /* Supporting */,
				13B07FB51A68108700A75B9A /* Images.xcassets */,
				13B07FB61A68108700A75B9A /* Info.plist */,
				AA286B85B6C04FC6940260E9 /* SplashScreen.storyboard */,
				654AAF5E69234A76A0C04FD8 /* 8bit.mp3 */,
				81877423CA5345C6BF013237 /* 8bit02.mp3 */,
				5346E39212FD486F93D5C76D /* alarm.mp3 */,
				F971709177534BCFAC62A421 /* campanas.mp3 */,
				D2976F5917AC46CC999D31F7 /* clocktower.mp3 */,
				36A3C54525FD4D3C87F34AFF /* guerra.mp3 */,
				BFDC0441876C4724B2D0679E /* guitarra.mp3 */,
				138594BF7FB04C78943B0E73 /* hellooooyou.mp3 */,
				3FAB1F5F00F44F2E8D75ABB9 /* nuclearalarm.mp3 */,
				0DFAF90CC630436AB5AEC98C /* pipipipi.mp3 */,
				3B2CD8D7738D43D79D335C13 /* pupetfnaf.mp3 */,
				73649671C0CB4BA8A2F99566 /* suspenso.mp3 */,
				A065F6C810B84AD9BF530398 /* tuntun.mp3 */,
				0CE8D01E312A49B6AB5E359F /* vibracion.mp3 */,
				C77DC4D65228457CBCD472A5 /* xilofono.mp3 */,
				B0B57845700045BCBE58109E /* x8bit.mp3 */,
				685C55AD0FB34B4C99233EE2 /* x8bit02.mp3 */,
				A78871BB5B2E48E1892F67E0 /* x8bit.wav */,
				518047EDEEFC4CFBBD18B713 /* x8bit02.wav */,
				C8530324D37E410DA4C8CA66 /* alarm.wav */,
				D311925F2F51496D9C2D555A /* campanas.wav */,
				9715E2334E4341F39FF11E02 /* clocktower.wav */,
				E4F14279E57E48D4886BAF3F /* guerra.wav */,
				A4039A0BFA6746ABBA456662 /* guitarra.wav */,
				4750EAD527454818B510822F /* hellooooyou.wav */,
				2DF5E69AFDA0498B8D737B40 /* nuclearalarm.wav */,
				2B2FC86BC5144FCEA4F33E0E /* pipipipi.wav */,
				77C23613B17B44BEB303EC0F /* pupetfnaf.wav */,
				B655BD8ACF50413E858A9859 /* suspenso.wav */,
				34B70AB21DA746F89603E688 /* tuntun.wav */,
				884B08CC8EA942B2A90D8788 /* vibracion.wav */,
				2E89A79B1D8F4FA0B6A534B1 /* xilofono.wav */,
			);
			name = fokus;
			sourceTree = "<group>";
		};
		2D16E6871FA4F8E400B85C8A /* Frameworks */ = {
			isa = PBXGroup;
			children = (
				ED297162215061F000B7C4FE /* JavaScriptCore.framework */,
			);
			name = Frameworks;
			sourceTree = "<group>";
		};
		832341AE1AAA6A7D00B99B32 /* Libraries */ = {
			isa = PBXGroup;
			children = (
			);
			name = Libraries;
			sourceTree = "<group>";
		};
		83CBB9F61A601CBA00E9B192 = {
			isa = PBXGroup;
			children = (
				13B07FAE1A68108700A75B9A /* fokus */,
				832341AE1AAA6A7D00B99B32 /* Libraries */,
				83CBBA001A601CBA00E9B192 /* Products */,
				2D16E6871FA4F8E400B85C8A /* Frameworks */,
			);
			indentWidth = 2;
			sourceTree = "<group>";
			tabWidth = 2;
			usesTabs = 0;
		};
		83CBBA001A601CBA00E9B192 /* Products */ = {
			isa = PBXGroup;
			children = (
				13B07F961A680F5B00A75B9A /* fokus.app */,
			);
			name = Products;
			sourceTree = "<group>";
		};
		BB2F792B24A3F905000567C9 /* Supporting */ = {
			isa = PBXGroup;
			children = (
				BB2F792C24A3F905000567C9 /* Expo.plist */,
			);
			name = Supporting;
			path = fokus/Supporting;
			sourceTree = "<group>";
		};
/* End PBXGroup section */

/* Begin PBXNativeTarget section */
		13B07F861A680F5B00A75B9A /* fokus */ = {
			isa = PBXNativeTarget;
			buildConfigurationList = 13B07F931A680F5B00A75B9A /* Build configuration list for PBXNativeTarget "fokus" */;
			buildPhases = (
				08A4A3CD28434E44B6B9DE2E /* [CP] Check Pods Manifest.lock */,
				13B07F871A680F5B00A75B9A /* Sources */,
				13B07F8C1A680F5B00A75B9A /* Frameworks */,
				13B07F8E1A680F5B00A75B9A /* Resources */,
				00DD1BFF1BD5951E006B06BC /* Bundle React Native code and images */,
				800E24972A6A228C8D4807E9 /* [CP] Copy Pods Resources */,
			);
			buildRules = (
			);
			dependencies = (
			);
			name = fokus;
			productName = fokus;
			productReference = 13B07F961A680F5B00A75B9A /* fokus.app */;
			productType = "com.apple.product-type.application";
		};
/* End PBXNativeTarget section */

/* Begin PBXProject section */
		83CBB9F71A601CBA00E9B192 /* Project object */ = {
			isa = PBXProject;
			attributes = {
				LastUpgradeCheck = 1130;
				TargetAttributes = {
					13B07F861A680F5B00A75B9A = {
						LastSwiftMigration = 1250;
					};
				};
			};
			buildConfigurationList = 83CBB9FA1A601CBA00E9B192 /* Build configuration list for PBXProject "fokus" */;
			compatibilityVersion = "Xcode 3.2";
			developmentRegion = en;
			hasScannedForEncodings = 0;
			knownRegions = (
				en,
				Base,
			);
			mainGroup = 83CBB9F61A601CBA00E9B192;
			productRefGroup = 83CBBA001A601CBA00E9B192 /* Products */;
			projectDirPath = "";
			projectRoot = "";
			targets = (
				13B07F861A680F5B00A75B9A /* fokus */,
			);
		};
/* End PBXProject section */

/* Begin PBXResourcesBuildPhase section */
		13B07F8E1A680F5B00A75B9A /* Resources */ = {
			isa = PBXResourcesBuildPhase;
			buildActionMask = 2147483647;
			files = (
				BB2F792D24A3F905000567C9 /* Expo.plist in Resources */,
				13B07FBF1A68108700A75B9A /* Images.xcassets in Resources */,
				3E461D99554A48A4959DE609 /* SplashScreen.storyboard in Resources */,
				769E385A43D74B7CA53BE6EB /* 8bit.mp3 in Resources */,
				E9BDC5D902ED4B85AC709F8B /* 8bit02.mp3 in Resources */,
				975AAFB4438A4608AB26626C /* alarm.mp3 in Resources */,
				79B57D2E235C4C3EA5CCDB93 /* campanas.mp3 in Resources */,
				2319816674D54CBC8112C17D /* clocktower.mp3 in Resources */,
				171D75DC21404E52B2500A75 /* guerra.mp3 in Resources */,
				7D2DB7A0557544B0A10DB465 /* guitarra.mp3 in Resources */,
				4820F84209A54654803A6179 /* hellooooyou.mp3 in Resources */,
				3AF2E71ECDDE4D29813CFE6F /* nuclearalarm.mp3 in Resources */,
				A342503D4D484B9091E199A3 /* pipipipi.mp3 in Resources */,
				1894FC2D56E54B8888B98F02 /* pupetfnaf.mp3 in Resources */,
				864E49B0305047C2B54734C1 /* suspenso.mp3 in Resources */,
				2C988474E9BC4682AB12747A /* tuntun.mp3 in Resources */,
				EDE4A520CC194DE585AACC9A /* vibracion.mp3 in Resources */,
				B21824A1A99F465F89226653 /* xilofono.mp3 in Resources */,
				D2D568CC861C4D0FA4965147 /* x8bit.mp3 in Resources */,
				0E8970D68BD949248CFB0827 /* x8bit02.mp3 in Resources */,
				A7DE17E18AF74F2BB3077384 /* x8bit.wav in Resources */,
				0E5E0155CE414FA49001283E /* x8bit02.wav in Resources */,
				EC36C8AFA5A74331895D59DD /* alarm.wav in Resources */,
				4D9A616AD33843E085812E77 /* campanas.wav in Resources */,
				DC3E328162774FFDA6830E9B /* clocktower.wav in Resources */,
				45F3FAF580244982A63DD83A /* guerra.wav in Resources */,
				B7B9563EA06041829EDE514C /* guitarra.wav in Resources */,
				9CECE6BE4913412AA9A50868 /* hellooooyou.wav in Resources */,
				107E7B42927444559291FB19 /* nuclearalarm.wav in Resources */,
				BE3567FD0AEF435BA0D8BEA1 /* pipipipi.wav in Resources */,
				022162F89ADA481E90478F5F /* pupetfnaf.wav in Resources */,
				BEDD71FFC0EE4C929ED8BEC6 /* suspenso.wav in Resources */,
				D5BA80E5C93C4496835A11F7 /* tuntun.wav in Resources */,
				001685AC40BB4FB7BF954D2C /* vibracion.wav in Resources */,
				D5BFB8534FF7409CB08B227E /* xilofono.wav in Resources */,
			);
			runOnlyForDeploymentPostprocessing = 0;
		};
/* End PBXResourcesBuildPhase section */

/* Begin PBXShellScriptBuildPhase section */
		00DD1BFF1BD5951E006B06BC /* Bundle React Native code and images */ = {
			isa = PBXShellScriptBuildPhase;
			alwaysOutOfDate = 1;
			buildActionMask = 2147483647;
			files = (
			);
			inputPaths = (
			);
			name = "Bundle React Native code and images";
			outputPaths = (
			);
			runOnlyForDeploymentPostprocessing = 0;
			shellPath = /bin/sh;
			shellScript = "if [[ -f \"$PODS_ROOT/../.xcode.env\" ]]; then\n  source \"$PODS_ROOT/../.xcode.env\"\nfi\nif [[ -f \"$PODS_ROOT/../.xcode.env.local\" ]]; then\n  source \"$PODS_ROOT/../.xcode.env.local\"\nfi\n\n# The project root by default is one level up from the ios directory\nexport PROJECT_ROOT=\"$PROJECT_DIR\"/..\n\nif [[ \"$CONFIGURATION\" = *Debug* ]]; then\n  export SKIP_BUNDLING=1\nfi\nif [[ -z \"$ENTRY_FILE\" ]]; then\n  # Set the entry JS file using the bundler's entry resolution.\n  export ENTRY_FILE=\"$(\"$NODE_BINARY\" -e \"require('expo/scripts/resolveAppEntry')\" \"$PROJECT_ROOT\" ios absolute | tail -n 1)\"\nfi\n\nif [[ -z \"$CLI_PATH\" ]]; then\n  # Use Expo CLI\n  export CLI_PATH=\"$(\"$NODE_BINARY\" --print \"require.resolve('@expo/cli', { paths: [require.resolve('expo/package.json')] })\")\"\nfi\nif [[ -z \"$BUNDLE_COMMAND\" ]]; then\n  # Default Expo CLI command for bundling\n  export BUNDLE_COMMAND=\"export:embed\"\nfi\n\n# Source .xcode.env.updates if it exists to allow\n# SKIP_BUNDLING to be unset if needed\nif [[ -f \"$PODS_ROOT/../.xcode.env.updates\" ]]; then\n  source \"$PODS_ROOT/../.xcode.env.updates\"\nfi\n# Source local changes to allow overrides\n# if needed\nif [[ -f \"$PODS_ROOT/../.xcode.env.local\" ]]; then\n  source \"$PODS_ROOT/../.xcode.env.local\"\nfi\n\n`\"$NODE_BINARY\" --print \"require('path').dirname(require.resolve('react-native/package.json')) + '/scripts/react-native-xcode.sh'\"`\n\n";
		};
		08A4A3CD28434E44B6B9DE2E /* [CP] Check Pods Manifest.lock */ = {
			isa = PBXShellScriptBuildPhase;
			buildActionMask = 2147483647;
			files = (
			);
			inputFileListPaths = (
			);
			inputPaths = (
				"${PODS_PODFILE_DIR_PATH}/Podfile.lock",
				"${PODS_ROOT}/Manifest.lock",
			);
			name = "[CP] Check Pods Manifest.lock";
			outputFileListPaths = (
			);
			outputPaths = (
				"$(DERIVED_FILE_DIR)/Pods-fokus-checkManifestLockResult.txt",
			);
			runOnlyForDeploymentPostprocessing = 0;
			shellPath = /bin/sh;
			shellScript = "diff \"${PODS_PODFILE_DIR_PATH}/Podfile.lock\" \"${PODS_ROOT}/Manifest.lock\" > /dev/null\nif [ $? != 0 ] ; then\n    # print error to STDERR\n    echo \"error: The sandbox is not in sync with the Podfile.lock. Run 'pod install' or update your CocoaPods installation.\" >&2\n    exit 1\nfi\n# This output is used by Xcode 'outputs' to avoid re-running this script phase.\necho \"SUCCESS\" > \"${SCRIPT_OUTPUT_FILE_0}\"\n";
			showEnvVarsInLog = 0;
		};
		800E24972A6A228C8D4807E9 /* [CP] Copy Pods Resources */ = {
			isa = PBXShellScriptBuildPhase;
			buildActionMask = 2147483647;
			files = (
			);
			inputPaths = (
				"${PODS_ROOT}/Target Support Files/Pods-fokus/Pods-fokus-resources.sh",
				"${PODS_CONFIGURATION_BUILD_DIR}/EXConstants/EXConstants.bundle",
				"${PODS_CONFIGURATION_BUILD_DIR}/EXUpdates/EXUpdates.bundle",
				"${PODS_CONFIGURATION_BUILD_DIR}/React-Core/RCTI18nStrings.bundle",
			);
			name = "[CP] Copy Pods Resources";
			outputPaths = (
				"${TARGET_BUILD_DIR}/${UNLOCALIZED_RESOURCES_FOLDER_PATH}/EXConstants.bundle",
				"${TARGET_BUILD_DIR}/${UNLOCALIZED_RESOURCES_FOLDER_PATH}/EXUpdates.bundle",
				"${TARGET_BUILD_DIR}/${UNLOCALIZED_RESOURCES_FOLDER_PATH}/RCTI18nStrings.bundle",
			);
			runOnlyForDeploymentPostprocessing = 0;
			shellPath = /bin/sh;
			shellScript = "\"${PODS_ROOT}/Target Support Files/Pods-fokus/Pods-fokus-resources.sh\"\n";
			showEnvVarsInLog = 0;
		};
/* End PBXShellScriptBuildPhase section */

/* Begin PBXSourcesBuildPhase section */
		13B07F871A680F5B00A75B9A /* Sources */ = {
			isa = PBXSourcesBuildPhase;
			buildActionMask = 2147483647;
			files = (
				F11748422D0307B40044C1D9 /* AppDelegate.swift in Sources */,
			);
			runOnlyForDeploymentPostprocessing = 0;
		};
/* End PBXSourcesBuildPhase section */

/* Begin XCBuildConfiguration section */
		13B07F941A680F5B00A75B9A /* Debug */ = {
			isa = XCBuildConfiguration;
			buildSettings = {
				ASSETCATALOG_COMPILER_APPICON_NAME = AppIcon;
				CLANG_ENABLE_MODULES = YES;
				CURRENT_PROJECT_VERSION = 1;
				ENABLE_BITCODE = NO;
				GCC_PREPROCESSOR_DEFINITIONS = (
					"$(inherited)",
					"FB_SONARKIT_ENABLED=1",
				);
				INFOPLIST_FILE = fokus/Info.plist;
				IPHONEOS_DEPLOYMENT_TARGET = 15.1;
				LD_RUNPATH_SEARCH_PATHS = (
					"$(inherited)",
					"@executable_path/Frameworks",
				);
				MARKETING_VERSION = 1.0;
				OTHER_LDFLAGS = (
					"$(inherited)",
					"-ObjC",
					"-lc++",
				);
				PRODUCT_BUNDLE_IDENTIFIER = "com.hanumonke.fokus";
				PRODUCT_NAME = "fokus";
				SWIFT_OBJC_BRIDGING_HEADER = "fokus/fokus-Bridging-Header.h";
				SWIFT_OPTIMIZATION_LEVEL = "-Onone";
				SWIFT_VERSION = 5.0;
				VERSIONING_SYSTEM = "apple-generic";
				TARGETED_DEVICE_FAMILY = "1,2";
				CODE_SIGN_ENTITLEMENTS = fokus/fokus.entitlements;
			};
			name = Debug;
		};
		13B07F951A680F5B00A75B9A /* Release */ = {
			isa = XCBuildConfiguration;
			buildSettings = {
				ASSETCATALOG_COMPILER_APPICON_NAME = AppIcon;
				CLANG_ENABLE_MODULES = YES;
				CURRENT_PROJECT_VERSION = 1;
				INFOPLIST_FILE = fokus/Info.plist;
				IPHONEOS_DEPLOYMENT_TARGET = 15.1;
				LD_RUNPATH_SEARCH_PATHS = (
					"$(inherited)",
					"@executable_path/Frameworks",
				);
				MARKETING_VERSION = 1.0;
				OTHER_LDFLAGS = (
					"$(inherited)",
					"-ObjC",
					"-lc++",
				);
				PRODUCT_BUNDLE_IDENTIFIER = "com.hanumonke.fokus";
				PRODUCT_NAME = "fokus";
				SWIFT_OBJC_BRIDGING_HEADER = "fokus/fokus-Bridging-Header.h";
				SWIFT_VERSION = 5.0;
				VERSIONING_SYSTEM = "apple-generic";
				TARGETED_DEVICE_FAMILY = "1,2";
				CODE_SIGN_ENTITLEMENTS = fokus/fokus.entitlements;
			};
			name = Release;
		};
		83CBBA201A601CBA00E9B192 /* Debug */ = {
			isa = XCBuildConfiguration;
			buildSettings = {
				ALWAYS_SEARCH_USER_PATHS = NO;
				CLANG_ANALYZER_LOCALIZABILITY_NONLOCALIZED = YES;
				CLANG_CXX_LANGUAGE_STANDARD = "c++20";
				CLANG_CXX_LIBRARY = "libc++";
				CLANG_ENABLE_MODULES = YES;
				CLANG_ENABLE_OBJC_ARC = YES;
				CLANG_WARN_BLOCK_CAPTURE_AUTORELEASING = YES;
				CLANG_WARN_BOOL_CONVERSION = YES;
				CLANG_WARN_COMMA = YES;
				CLANG_WARN_CONSTANT_CONVERSION = YES;
				CLANG_WARN_DEPRECATED_OBJC_IMPLEMENTATIONS = YES;
				CLANG_WARN_DIRECT_OBJC_ISA_USAGE = YES_ERROR;
				CLANG_WARN_EMPTY_BODY = YES;
				CLANG_WARN_ENUM_CONVERSION = YES;
				CLANG_WARN_INFINITE_RECURSION = YES;
				CLANG_WARN_INT_CONVERSION = YES;
				CLANG_WARN_NON_LITERAL_NULL_CONVERSION = YES;
				CLANG_WARN_OBJC_IMPLICIT_RETAIN_SELF = YES;
				CLANG_WARN_OBJC_LITERAL_CONVERSION = YES;
				CLANG_WARN_OBJC_ROOT_CLASS = YES_ERROR;
				CLANG_WARN_RANGE_LOOP_ANALYSIS = YES;
				CLANG_WARN_STRICT_PROTOTYPES = YES;
				CLANG_WARN_SUSPICIOUS_MOVE = YES;
				CLANG_WARN_UNREACHABLE_CODE = YES;
				CLANG_WARN__DUPLICATE_METHOD_MATCH = YES;
				"CODE_SIGN_IDENTITY[sdk=iphoneos*]" = "iPhone Developer";
				COPY_PHASE_STRIP = NO;
				ENABLE_STRICT_OBJC_MSGSEND = YES;
				ENABLE_TESTABILITY = YES;
				GCC_C_LANGUAGE_STANDARD = gnu99;
				GCC_DYNAMIC_NO_PIC = NO;
				GCC_NO_COMMON_BLOCKS = YES;
				GCC_OPTIMIZATION_LEVEL = 0;
				GCC_PREPROCESSOR_DEFINITIONS = (
					"DEBUG=1",
					"$(inherited)",
				);
				GCC_SYMBOLS_PRIVATE_EXTERN = NO;
				GCC_WARN_64_TO_32_BIT_CONVERSION = YES;
				GCC_WARN_ABOUT_RETURN_TYPE = YES_ERROR;
				GCC_WARN_UNDECLARED_SELECTOR = YES;
				GCC_WARN_UNINITIALIZED_AUTOS = YES_AGGRESSIVE;
				GCC_WARN_UNUSED_FUNCTION = YES;
				GCC_WARN_UNUSED_VARIABLE = YES;
				IPHONEOS_DEPLOYMENT_TARGET = 15.1;
				LD_RUNPATH_SEARCH_PATHS = (
					/usr/lib/swift,
					"$(inherited)",
				);
				LIBRARY_SEARCH_PATHS = "\"$(inherited)\"";
				MTL_ENABLE_DEBUG_INFO = YES;
				ONLY_ACTIVE_ARCH = YES;
				SDKROOT = iphoneos;
			};
			name = Debug;
		};
		83CBBA211A601CBA00E9B192 /* Release */ = {
			isa = XCBuildConfiguration;
			buildSettings = {
				ALWAYS_SEARCH_USER_PATHS = NO;
				CLANG_ANALYZER_LOCALIZABILITY_NONLOCALIZED = YES;
				CLANG_CXX_LANGUAGE_STANDARD = "c++20";
				CLANG_CXX_LIBRARY = "libc++";
				CLANG_ENABLE_MODULES = YES;
				CLANG_ENABLE_OBJC_ARC = YES;
				CLANG_WARN_BLOCK_CAPTURE_AUTORELEASING = YES;
				CLANG_WARN_BOOL_CONVERSION = YES;
				CLANG_WARN_COMMA = YES;
				CLANG_WARN_CONSTANT_CONVERSION = YES;
				CLANG_WARN_DEPRECATED_OBJC_IMPLEMENTATIONS = YES;
				CLANG_WARN_DIRECT_OBJC_ISA_USAGE = YES_ERROR;
				CLANG_WARN_EMPTY_BODY = YES;
				CLANG_WARN_ENUM_CONVERSION = YES;
				CLANG_WARN_INFINITE_RECURSION = YES;
				CLANG_WARN_INT_CONVERSION = YES;
				CLANG_WARN_NON_LITERAL_NULL_CONVERSION = YES;
				CLANG_WARN_OBJC_IMPLICIT_RETAIN_SELF = YES;
				CLANG_WARN_OBJC_LITERAL_CONVERSION = YES;
				CLANG_WARN_OBJC_ROOT_CLASS = YES_ERROR;
				CLANG_WARN_RANGE_LOOP_ANALYSIS = YES;
				CLANG_WARN_STRICT_PROTOTYPES = YES;
				CLANG_WARN_SUSPICIOUS_MOVE = YES;
				CLANG_WARN_UNREACHABLE_CODE = YES;
				CLANG_WARN__DUPLICATE_METHOD_MATCH = YES;
				"CODE_SIGN_IDENTITY[sdk=iphoneos*]" = "iPhone Developer";
				COPY_PHASE_STRIP = YES;
				ENABLE_NS_ASSERTIONS = NO;
				ENABLE_STRICT_OBJC_MSGSEND = YES;
				GCC_C_LANGUAGE_STANDARD = gnu99;
				GCC_NO_COMMON_BLOCKS = YES;
				GCC_WARN_64_TO_32_BIT_CONVERSION = YES;
				GCC_WARN_ABOUT_RETURN_TYPE = YES_ERROR;
				GCC_WARN_UNDECLARED_SELECTOR = YES;
				GCC_WARN_UNINITIALIZED_AUTOS = YES_AGGRESSIVE;
				GCC_WARN_UNUSED_FUNCTION = YES;
				GCC_WARN_UNUSED_VARIABLE = YES;
				IPHONEOS_DEPLOYMENT_TARGET = 15.1;
				LD_RUNPATH_SEARCH_PATHS = (
					/usr/lib/swift,
					"$(inherited)",
				);
				LIBRARY_SEARCH_PATHS = "\"$(inherited)\"";
				MTL_ENABLE_DEBUG_INFO = NO;
				SDKROOT = iphoneos;
				VALIDATE_PRODUCT = YES;
			};
			name = Release;
		};
/* End XCBuildConfiguration section */

/* Begin XCConfigurationList section */
		13B07F931A680F5B00A75B9A /* Build configuration list for PBXNativeTarget "fokus" */ = {
			isa = XCConfigurationList;
			buildConfigurations = (
				13B07F941A680F5B00A75B9A /* Debug */,
				13B07F951A680F5B00A75B9A /* Release */,
			);
			defaultConfigurationIsVisible = 0;
			defaultConfigurationName = Release;
		};
		83CBB9FA1A601CBA00E9B192 /* Build configuration list for PBXProject "fokus" */ = {
			isa = XCConfigurationList;
			buildConfigurations = (
				83CBBA201A601CBA00E9B192 /* Debug */,
				83CBBA211A601CBA00E9B192 /* Release */,
			);
			defaultConfigurationIsVisible = 0;
			defaultConfigurationName = Release;
		};
/* End XCConfigurationList section */
	};
	rootObject = 83CBB9F71A601CBA00E9B192 /* Project object */;
}
